
Microsoft Visual Studio Solution File, Format Version 12.00
# Visual Studio 15
VisualStudioVersion = 15.0.27130.2020
MinimumVisualStudioVersion = 10.0.40219.1
Project("{FAE04EC0-301F-11D3-BF4B-00C04F79EFBC}") = "RokuService", "RokuService\RokuService.csproj", "{5097F632-9B55-4936-80E3-A0E08A88A15D}"
EndProject
Global
	GlobalSection(SolutionConfigurationPlatforms) = preSolution
		Debug|Any CPU = Debug|Any CPU
		Release|Any CPU = Release|Any CPU
	EndGlobalSection
	GlobalSection(ProjectConfigurationPlatforms) = postSolution
		{5097F632-9B55-4936-80E3-A0E08A88A15D}.Debug|Any CPU.ActiveCfg = Debug|Any CPU
		{5097F632-9B55-4936-80E3-A0E08A88A15D}.Debug|Any CPU.Build.0 = Debug|Any CPU
		{5097F632-9B55-4936-80E3-A0E08A88A15D}.Release|Any CPU.ActiveCfg = Release|Any CPU
		{5097F632-9B55-4936-80E3-A0E08A88A15D}.Release|Any CPU.Build.0 = Release|Any CPU
	EndGlobalSection
	GlobalSection(SolutionProperties) = preSolution
		HideSolutionNode = FALSE
	EndGlobalSection
	GlobalSection(ExtensibilityGlobals) = postSolution
		SolutionGuid = {41B17570-7096-4B37-91A4-A8C13F12AFC5}
	EndGlobalSection
EndGlobal
